
Microsoft Visual Studio Solution File, Format Version 12.00
# Visual Studio Version 17
VisualStudioVersion = 17.12.35506.116 d17.12
MinimumVisualStudioVersion = 10.0.40219.1
Project("{FAE04EC0-301F-11D3-BF4B-00C04F79EFBC}") = "chess_2", "chess_2\chess_2.csproj", "{D6F2E3FC-AE10-4A6E-9C8D-C0277EB19801}"
EndProject
Global
	GlobalSection(SolutionConfigurationPlatforms) = preSolution
		Debug|Any CPU = Debug|Any CPU
		Release|Any CPU = Release|Any CPU
	EndGlobalSection
	GlobalSection(ProjectConfigurationPlatforms) = postSolution
		{D6F2E3FC-AE10-4A6E-9C8D-C0277EB19801}.Debug|Any CPU.ActiveCfg = Debug|Any CPU
		{D6F2E3FC-AE10-4A6E-9C8D-C0277EB19801}.Debug|Any CPU.Build.0 = Debug|Any CPU
		{D6F2E3FC-AE10-4A6E-9C8D-C0277EB19801}.Release|Any CPU.ActiveCfg = Release|Any CPU
		{D6F2E3FC-AE10-4A6E-9C8D-C0277EB19801}.Release|Any CPU.Build.0 = Release|Any CPU
	EndGlobalSection
	GlobalSection(SolutionProperties) = preSolution
		HideSolutionNode = FALSE
	EndGlobalSection
EndGlobal
